{
   "requires": true,
   "lockfileVersion": 1,
   "dependencies": {
      "@angular/material": {
         "version": "10.1.1",
         "resolved": "https://registry.npmjs.org/@angular/material/-/material-10.1.1.tgz",
         "integrity": "sha512-D9VXwW2ieDUvkQD1VVEX6bxIdCaK6uA6jHpMU2ZLTIQ/EzNRDRwmJbr4rqPhxtHmLMXF+66EBXEjgyV7l91h5g==",
         "requires": {
            "tslib": "^2.0.0"
         }
      },
      "tslib": {
         "version": "2.0.0",
         "resolved": "https://registry.npmjs.org/tslib/-/tslib-2.0.0.tgz",
         "integrity": "sha512-lTqkx847PI7xEDYJntxZH89L2/aXInsyF2luSafe/+0fHOMjlBNXdH6th7f70qxLDhul7KZK0zC8V5ZIyHl0/g=="
      }
   }
}
